git.sr.ht/~mariusor/go-xsd-duration v0.0.0-20220703122237-02e73435a078/go.mod h1:g/V2Hjas6Z1UHUp4yIx6bATpNzJ7DYtD0FG3+xARWxs=
github.com/go-ap/errors v0.0.0-20231003111023-183eef4b31b7/go.mod h1:5x8a6P/dhmMGFxWLcyYlyOuJ2lRNaHGhRv+yu8BaTSI=
github.com/go-ap/jsonld v0.0.0-20221030091449-f2a191312c73/go.mod h1:jyveZeGw5LaADntW+UEsMjl3IlIwk+DxlYNsbofQkGA=
github.com/valyala/fastjson v1.6.4/go.mod h1:CLCAqky6SMuOcxStkYQvblddUtoRxhYMGLrsQns1aXY=
